
Microsoft Visual Studio Solution File, Format Version 12.00
# Visual Studio Version 17
VisualStudioVersion = 17.13.35825.156 d17.13
MinimumVisualStudioVersion = 10.0.40219.1
Project("{FAE04EC0-301F-11D3-BF4B-00C04F79EFBC}") = "viewState webApplication", "viewState webApplication\viewState webApplication.csproj", "{376282E2-2889-4601-9DEE-14EB5406EBF0}"
EndProject
Global
	GlobalSection(SolutionConfigurationPlatforms) = preSolution
		Debug|Any CPU = Debug|Any CPU
		Release|Any CPU = Release|Any CPU
	EndGlobalSection
	GlobalSection(ProjectConfigurationPlatforms) = postSolution
		{376282E2-2889-4601-9DEE-14EB5406EBF0}.Debug|Any CPU.ActiveCfg = Debug|Any CPU
		{376282E2-2889-4601-9DEE-14EB5406EBF0}.Debug|Any CPU.Build.0 = Debug|Any CPU
		{376282E2-2889-4601-9DEE-14EB5406EBF0}.Release|Any CPU.ActiveCfg = Release|Any CPU
		{376282E2-2889-4601-9DEE-14EB5406EBF0}.Release|Any CPU.Build.0 = Release|Any CPU
	EndGlobalSection
	GlobalSection(SolutionProperties) = preSolution
		HideSolutionNode = FALSE
	EndGlobalSection
	GlobalSection(ExtensibilityGlobals) = postSolution
		SolutionGuid = {279EB87C-A5FD-487B-B710-C87627385B35}
	EndGlobalSection
EndGlobal
